Microsoft Visual Studio Solution File, Format Version 11.00
# Visual Studio 2008

Project("{3FDFB449-4370-EE79-97D6-AB32F8B81F6E}") = "Fields of Glory", "Assembly-CSharp-firstpass-vs.csproj", "{9B8DEF26-AA53-A772-CB98-24E64426D57D}"
EndProject
Project("{3FDFB449-4370-EE79-97D6-AB32F8B81F6E}") = "Fields of Glory", "Assembly-CSharp-vs.csproj", "{FD02C781-B4C3-B9D3-C0B4-C908C3040DFF}"
EndProject
Global
	GlobalSection(SolutionConfigurationPlatforms) = preSolution
		Debug|Any CPU = Debug|Any CPU
		Release|Any CPU = Release|Any CPU
	EndGlobalSection
	GlobalSection(ProjectConfigurationPlatforms) = postSolution
		{9B8DEF26-AA53-A772-CB98-24E64426D57D}.Debug|Any CPU.ActiveCfg = Debug|Any CPU
		{9B8DEF26-AA53-A772-CB98-24E64426D57D}.Debug|Any CPU.Build.0 = Debug|Any CPU
		{9B8DEF26-AA53-A772-CB98-24E64426D57D}.Release|Any CPU.ActiveCfg = Release|Any CPU
		{9B8DEF26-AA53-A772-CB98-24E64426D57D}.Release|Any CPU.Build.0 = Release|Any CPU
		{FD02C781-B4C3-B9D3-C0B4-C908C3040DFF}.Debug|Any CPU.ActiveCfg = Debug|Any CPU
		{FD02C781-B4C3-B9D3-C0B4-C908C3040DFF}.Debug|Any CPU.Build.0 = Debug|Any CPU
		{FD02C781-B4C3-B9D3-C0B4-C908C3040DFF}.Release|Any CPU.ActiveCfg = Release|Any CPU
		{FD02C781-B4C3-B9D3-C0B4-C908C3040DFF}.Release|Any CPU.Build.0 = Release|Any CPU
	EndGlobalSection
	GlobalSection(SolutionProperties) = preSolution
		HideSolutionNode = FALSE
	EndGlobalSection
																																																																																																																																																																																																																																													GlobalSection(MonoDevelopProperties) = preSolution
		StartupItem = Assembly-CSharp.csproj
		Policies = $0
		$0.TextStylePolicy = $1
		$1.inheritsSet = null
		$1.scope = text/x-csharp
		$0.CSharpFormattingPolicy = $2
		$2.inheritsSet = Mono
		$2.inheritsScope = text/x-csharp
		$2.scope = text/x-csharp
		$0.TextStylePolicy = $3
		$3.FileWidth = 120
		$3.TabWidth = 4
		$3.EolMarker = Unix
		$3.inheritsSet = Mono
		$3.inheritsScope = text/plain
		$3.scope = text/plain
	EndGlobalSection

EndGlobal
